Microsoft Visual Studio Solution File, Format Version 11.00
# Visual Studio 2008

Project("{5F9FFEC3-8175-154E-B18C-9EA309685993}") = "UnityThirdPersonTutorial-master", "Assembly-CSharp-firstpass.csproj", "{2FB82A8F-E19A-B23D-5266-BC52666F2CD4}"
EndProject
Project("{5F9FFEC3-8175-154E-B18C-9EA309685993}") = "UnityThirdPersonTutorial-master", "Assembly-CSharp.csproj", "{535DCA15-7F8E-5683-6A2F-136E2C33DC27}"
EndProject
Project("{5F9FFEC3-8175-154E-B18C-9EA309685993}") = "UnityThirdPersonTutorial-master", "Assembly-CSharp-Editor.csproj", "{5D3A491D-ADE8-5897-6247-4BF6FCB31E0C}"
EndProject
Project("{5F9FFEC3-8175-154E-B18C-9EA309685993}") = "UnityThirdPersonTutorial-master", "Assembly-UnityScript.unityproj", "{98FD8652-0017-EACF-7327-0A2593472A82}"
EndProject
Project("{5F9FFEC3-8175-154E-B18C-9EA309685993}") = "UnityThirdPersonTutorial-master", "Assembly-UnityScript-Editor.unityproj", "{0D60010B-DAA2-A9A3-F4E2-F21D3C17ECB0}"
EndProject
Global
	GlobalSection(SolutionConfigurationPlatforms) = preSolution
		Debug|Any CPU = Debug|Any CPU
		Release|Any CPU = Release|Any CPU
	EndGlobalSection
	GlobalSection(ProjectConfigurationPlatforms) = postSolution
		{2FB82A8F-E19A-B23D-5266-BC52666F2CD4}.Debug|Any CPU.ActiveCfg = Debug|Any CPU
		{2FB82A8F-E19A-B23D-5266-BC52666F2CD4}.Debug|Any CPU.Build.0 = Debug|Any CPU
		{2FB82A8F-E19A-B23D-5266-BC52666F2CD4}.Release|Any CPU.ActiveCfg = Release|Any CPU
		{2FB82A8F-E19A-B23D-5266-BC52666F2CD4}.Release|Any CPU.Build.0 = Release|Any CPU
		{535DCA15-7F8E-5683-6A2F-136E2C33DC27}.Debug|Any CPU.ActiveCfg = Debug|Any CPU
		{535DCA15-7F8E-5683-6A2F-136E2C33DC27}.Debug|Any CPU.Build.0 = Debug|Any CPU
		{535DCA15-7F8E-5683-6A2F-136E2C33DC27}.Release|Any CPU.ActiveCfg = Release|Any CPU
		{535DCA15-7F8E-5683-6A2F-136E2C33DC27}.Release|Any CPU.Build.0 = Release|Any CPU
		{5D3A491D-ADE8-5897-6247-4BF6FCB31E0C}.Debug|Any CPU.ActiveCfg = Debug|Any CPU
		{5D3A491D-ADE8-5897-6247-4BF6FCB31E0C}.Debug|Any CPU.Build.0 = Debug|Any CPU
		{5D3A491D-ADE8-5897-6247-4BF6FCB31E0C}.Release|Any CPU.ActiveCfg = Release|Any CPU
		{5D3A491D-ADE8-5897-6247-4BF6FCB31E0C}.Release|Any CPU.Build.0 = Release|Any CPU
		{98FD8652-0017-EACF-7327-0A2593472A82}.Debug|Any CPU.ActiveCfg = Debug|Any CPU
		{98FD8652-0017-EACF-7327-0A2593472A82}.Debug|Any CPU.Build.0 = Debug|Any CPU
		{98FD8652-0017-EACF-7327-0A2593472A82}.Release|Any CPU.ActiveCfg = Release|Any CPU
		{98FD8652-0017-EACF-7327-0A2593472A82}.Release|Any CPU.Build.0 = Release|Any CPU
		{0D60010B-DAA2-A9A3-F4E2-F21D3C17ECB0}.Debug|Any CPU.ActiveCfg = Debug|Any CPU
		{0D60010B-DAA2-A9A3-F4E2-F21D3C17ECB0}.Debug|Any CPU.Build.0 = Debug|Any CPU
		{0D60010B-DAA2-A9A3-F4E2-F21D3C17ECB0}.Release|Any CPU.ActiveCfg = Release|Any CPU
		{0D60010B-DAA2-A9A3-F4E2-F21D3C17ECB0}.Release|Any CPU.Build.0 = Release|Any CPU
	EndGlobalSection
	GlobalSection(SolutionProperties) = preSolution
		HideSolutionNode = FALSE
	EndGlobalSection
																							GlobalSection(MonoDevelopProperties) = preSolution
		StartupItem = Assembly-CSharp.csproj
		Policies = $0
		$0.TextStylePolicy = $1
		$1.inheritsSet = null
		$1.scope = text/x-csharp
		$0.CSharpFormattingPolicy = $2
		$2.inheritsSet = Mono
		$2.inheritsScope = text/x-csharp
		$2.scope = text/x-csharp
		$0.TextStylePolicy = $3
		$3.FileWidth = 120
		$3.TabWidth = 4
		$3.EolMarker = Unix
		$3.inheritsSet = Mono
		$3.inheritsScope = text/plain
		$3.scope = text/plain
	EndGlobalSection

EndGlobal
